
Microsoft Visual Studio Solution File, Format Version 12.00
# Visual Studio Version 17
VisualStudioVersion = 17.9.34518.117
MinimumVisualStudioVersion = 10.0.40219.1
Project("{FAE04EC0-301F-11D3-BF4B-00C04F79EFBC}") = "Parking.Server", "Parking.Server\Parking.Server.csproj", "{A91CBE85-56D2-4F79-918A-DC04B30DE579}"
EndProject
Project("{54A90642-561A-4BB1-A94E-469ADEE60C69}") = "parking.client", "parking.client\parking.client.esproj", "{847703F9-0D76-4964-823E-310AD80DEB97}"
EndProject
Global
	GlobalSection(SolutionConfigurationPlatforms) = preSolution
		Debug|Any CPU = Debug|Any CPU
		Release|Any CPU = Release|Any CPU
	EndGlobalSection
	GlobalSection(ProjectConfigurationPlatforms) = postSolution
		{A91CBE85-56D2-4F79-918A-DC04B30DE579}.Debug|Any CPU.ActiveCfg = Debug|Any CPU
		{A91CBE85-56D2-4F79-918A-DC04B30DE579}.Debug|Any CPU.Build.0 = Debug|Any CPU
		{A91CBE85-56D2-4F79-918A-DC04B30DE579}.Release|Any CPU.ActiveCfg = Release|Any CPU
		{A91CBE85-56D2-4F79-918A-DC04B30DE579}.Release|Any CPU.Build.0 = Release|Any CPU
		{847703F9-0D76-4964-823E-310AD80DEB97}.Debug|Any CPU.ActiveCfg = Debug|Any CPU
		{847703F9-0D76-4964-823E-310AD80DEB97}.Debug|Any CPU.Build.0 = Debug|Any CPU
		{847703F9-0D76-4964-823E-310AD80DEB97}.Debug|Any CPU.Deploy.0 = Debug|Any CPU
		{847703F9-0D76-4964-823E-310AD80DEB97}.Release|Any CPU.ActiveCfg = Release|Any CPU
		{847703F9-0D76-4964-823E-310AD80DEB97}.Release|Any CPU.Build.0 = Release|Any CPU
		{847703F9-0D76-4964-823E-310AD80DEB97}.Release|Any CPU.Deploy.0 = Release|Any CPU
	EndGlobalSection
	GlobalSection(SolutionProperties) = preSolution
		HideSolutionNode = FALSE
	EndGlobalSection
	GlobalSection(ExtensibilityGlobals) = postSolution
		SolutionGuid = {A4BAEA72-96BE-4697-BB47-5CDE1B9EAF32}
	EndGlobalSection
EndGlobal
